// !$*UTF8*$!
{
	archiveVersion = 1;
	classes = {
	};
	objectVersion = 46;
	objects = {

/* Begin PBXBuildFile section */
		57D922741E3130340052619A /* AppDelegate.swift in Sources */ = {isa = PBXBuildFile; fileRef = 57D922731E3130340052619A /* AppDelegate.swift */; };
		57D922761E3130340052619A /* ViewController.swift in Sources */ = {isa = PBXBuildFile; fileRef = 57D922751E3130340052619A /* ViewController.swift */; };
		57D922791E3130340052619A /* Main.storyboard in Resources */ = {isa = PBXBuildFile; fileRef = 57D922771E3130340052619A /* Main.storyboard */; };
		57D9227B1E3130340052619A /* Assets.xcassets in Resources */ = {isa = PBXBuildFile; fileRef = 57D9227A1E3130340052619A /* Assets.xcassets */; };
		57D9227E1E3130340052619A /* LaunchScreen.storyboard in Resources */ = {isa = PBXBuildFile; fileRef = 57D9227C1E3130340052619A /* LaunchScreen.storyboard */; };
		57D922891E3130340052619A /* AhorcadoTests.swift in Sources */ = {isa = PBXBuildFile; fileRef = 57D922881E3130340052619A /* AhorcadoTests.swift */; };
		57D922941E3130340052619A /* AhorcadoUITests.swift in Sources */ = {isa = PBXBuildFile; fileRef = 57D922931E3130340052619A /* AhorcadoUITests.swift */; };
/* End PBXBuildFile section */

/* Begin PBXContainerItemProxy section */
		57D922851E3130340052619A /* PBXContainerItemProxy */ = {
			isa = PBXContainerItemProxy;
			containerPortal = 57D922681E3130340052619A /* Project object */;
			proxyType = 1;
			remoteGlobalIDString = 57D9226F1E3130340052619A;
			remoteInfo = Ahorcado;
		};
		57D922901E3130340052619A /* PBXContainerItemProxy */ = {
			isa = PBXContainerItemProxy;
			containerPortal = 57D922681E3130340052619A /* Project object */;
			proxyType = 1;
			remoteGlobalIDString = 57D9226F1E3130340052619A;
			remoteInfo = Ahorcado;
		};
/* End PBXContainerItemProxy section */

/* Begin PBXFileReference section */
		57D922701E3130340052619A /* Ahorcado.app */ = {isa = PBXFileReference; explicitFileType = wrapper.application; includeInIndex = 0; path = Ahorcado.app; sourceTree = BUILT_PRODUCTS_DIR; };
		57D922731E3130340052619A /* AppDelegate.swift */ = {isa = PBXFileReference; lastKnownFileType = sourcecode.swift; path = AppDelegate.swift; sourceTree = "<group>"; };
		57D922751E3130340052619A /* ViewController.swift */ = {isa = PBXFileReference; lastKnownFileType = sourcecode.swift; path = ViewController.swift; sourceTree = "<group>"; };
		57D922781E3130340052619A /* Base */ = {isa = PBXFileReference; lastKnownFileType = file.storyboard; name = Base; path = Base.lproj/Main.storyboard; sourceTree = "<group>"; };
		57D9227A1E3130340052619A /* Assets.xcassets */ = {isa = PBXFileReference; lastKnownFileType = folder.assetcatalog; path = Assets.xcassets; sourceTree = "<group>"; };
		57D9227D1E3130340052619A /* Base */ = {isa = PBXFileReference; lastKnownFileType = file.storyboard; name = Base; path = Base.lproj/LaunchScreen.storyboard; sourceTree = "<group>"; };
		57D9227F1E3130340052619A /* Info.plist */ = {isa = PBXFileReference; lastKnownFileType = text.plist.xml; path = Info.plist; sourceTree = "<group>"; };
		57D922841E3130340052619A /* AhorcadoTests.xctest */ = {isa = PBXFileReference; explicitFileType = wrapper.cfbundle; includeInIndex = 0; path = AhorcadoTests.xctest; sourceTree = BUILT_PRODUCTS_DIR; };
		57D922881E3130340052619A /* AhorcadoTests.swift */ = {isa = PBXFileReference; lastKnownFileType = sourcecode.swift; path = AhorcadoTests.swift; sourceTree = "<group>"; };
		57D9228A1E3130340052619A /* Info.plist */ = {isa = PBXFileReference; lastKnownFileType = text.plist.xml; path = Info.plist; sourceTree = "<group>"; };
		57D9228F1E3130340052619A /* AhorcadoUITests.xctest */ = {isa = PBXFileReference; explicitFileType = wrapper.cfbundle; includeInIndex = 0; path = AhorcadoUITests.xctest; sourceTree = BUILT_PRODUCTS_DIR; };
		57D922931E3130340052619A /* AhorcadoUITests.swift */ = {isa = PBXFileReference; lastKnownFileType = sourcecode.swift; path = AhorcadoUITests.swift; sourceTree = "<group>"; };
		57D922951E3130340052619A /* Info.plist */ = {isa = PBXFileReference; lastKnownFileType = text.plist.xml; path = Info.plist; sourceTree = "<group>"; };
/* End PBXFileReference section */

/* Begin PBXFrameworksBuildPhase section */
		57D9226D1E3130340052619A /* Frameworks */ = {
			isa = PBXFrameworksBuildPhase;
			buildActionMask = 2147483647;
			files = (
			);
			runOnlyForDeploymentPostprocessing = 0;
		};
		57D922811E3130340052619A /* Frameworks */ = {
			isa = PBXFrameworksBuildPhase;
			buildActionMask = 2147483647;
			files = (
			);
			runOnlyForDeploymentPostprocessing = 0;
		};
		57D9228C1E3130340052619A /* Frameworks */ = {
			isa = PBXFrameworksBuildPhase;
			buildActionMask = 2147483647;
			files = (
			);
			runOnlyForDeploymentPostprocessing = 0;
		};
/* End PBXFrameworksBuildPhase section */

/* Begin PBXGroup section */
		57D922671E3130340052619A = {
			isa = PBXGroup;
			children = (
				57D922721E3130340052619A /* Ahorcado */,
				57D922871E3130340052619A /* AhorcadoTests */,
				57D922921E3130340052619A /* AhorcadoUITests */,
				57D922711E3130340052619A /* Products */,
			);
			sourceTree = "<group>";
		};
		57D922711E3130340052619A /* Products */ = {
			isa = PBXGroup;
			children = (
				57D922701E3130340052619A /* Ahorcado.app */,
				57D922841E3130340052619A /* AhorcadoTests.xctest */,
				57D9228F1E3130340052619A /* AhorcadoUITests.xctest */,
			);
			name = Products;
			sourceTree = "<group>";
		};
		57D922721E3130340052619A /* Ahorcado */ = {
			isa = PBXGroup;
			children = (
				57D922731E3130340052619A /* AppDelegate.swift */,
				57D922751E3130340052619A /* ViewController.swift */,
				57D922771E3130340052619A /* Main.storyboard */,
				57D9227A1E3130340052619A /* Assets.xcassets */,
				57D9227C1E3130340052619A /* LaunchScreen.storyboard */,
				57D9227F1E3130340052619A /* Info.plist */,
			);
			path = Ahorcado;
			sourceTree = "<group>";
		};
		57D922871E3130340052619A /* AhorcadoTests */ = {
			isa = PBXGroup;
			children = (
				57D922881E3130340052619A /* AhorcadoTests.swift */,
				57D9228A1E3130340052619A /* Info.plist */,
			);
			path = AhorcadoTests;
			sourceTree = "<group>";
		};
		57D922921E3130340052619A /* AhorcadoUITests */ = {
			isa = PBXGroup;
			children = (
				57D922931E3130340052619A /* AhorcadoUITests.swift */,
				57D922951E3130340052619A /* Info.plist */,
			);
			path = AhorcadoUITests;
			sourceTree = "<group>";
		};
/* End PBXGroup section */

/* Begin PBXNativeTarget section */
		57D9226F1E3130340052619A /* Ahorcado */ = {
			isa = PBXNativeTarget;
			buildConfigurationList = 57D922981E3130340052619A /* Build configuration list for PBXNativeTarget "Ahorcado" */;
			buildPhases = (
				57D9226C1E3130340052619A /* Sources */,
				57D9226D1E3130340052619A /* Frameworks */,
				57D9226E1E3130340052619A /* Resources */,
			);
			buildRules = (
			);
			dependencies = (
			);
			name = Ahorcado;
			productName = Ahorcado;
			productReference = 57D922701E3130340052619A /* Ahorcado.app */;
			productType = "com.apple.product-type.application";
		};
		57D922831E3130340052619A /* AhorcadoTests */ = {
			isa = PBXNativeTarget;
			buildConfigurationList = 57D9229B1E3130340052619A /* Build configuration list for PBXNativeTarget "AhorcadoTests" */;
			buildPhases = (
				57D922801E3130340052619A /* Sources */,
				57D922811E3130340052619A /* Frameworks */,
				57D922821E3130340052619A /* Resources */,
			);
			buildRules = (
			);
			dependencies = (
				57D922861E3130340052619A /* PBXTargetDependency */,
			);
			name = AhorcadoTests;
			productName = AhorcadoTests;
			productReference = 57D922841E3130340052619A /* AhorcadoTests.xctest */;
			productType = "com.apple.product-type.bundle.unit-test";
		};
		57D9228E1E3130340052619A /* AhorcadoUITests */ = {
			isa = PBXNativeTarget;
			buildConfigurationList = 57D9229E1E3130340052619A /* Build configuration list for PBXNativeTarget "AhorcadoUITests" */;
			buildPhases = (
				57D9228B1E3130340052619A /* Sources */,
				57D9228C1E3130340052619A /* Frameworks */,
				57D9228D1E3130340052619A /* Resources */,
			);
			buildRules = (
			);
			dependencies = (
				57D922911E3130340052619A /* PBXTargetDependency */,
			);
			name = AhorcadoUITests;
			productName = AhorcadoUITests;
			productReference = 57D9228F1E3130340052619A /* AhorcadoUITests.xctest */;
			productType = "com.apple.product-type.bundle.ui-testing";
		};
/* End PBXNativeTarget section */

/* Begin PBXProject section */
		57D922681E3130340052619A /* Project object */ = {
			isa = PBXProject;
			attributes = {
				LastSwiftUpdateCheck = 0800;
				LastUpgradeCheck = 0800;
				ORGANIZATIONNAME = "xavi B";
				TargetAttributes = {
					57D9226F1E3130340052619A = {
						CreatedOnToolsVersion = 8.0;
						ProvisioningStyle = Automatic;
					};
					57D922831E3130340052619A = {
						CreatedOnToolsVersion = 8.0;
						ProvisioningStyle = Automatic;
						TestTargetID = 57D9226F1E3130340052619A;
					};
					57D9228E1E3130340052619A = {
						CreatedOnToolsVersion = 8.0;
						ProvisioningStyle = Automatic;
						TestTargetID = 57D9226F1E3130340052619A;
					};
				};
			};
			buildConfigurationList = 57D9226B1E3130340052619A /* Build configuration list for PBXProject "Ahorcado" */;
			compatibilityVersion = "Xcode 3.2";
			developmentRegion = English;
			hasScannedForEncodings = 0;
			knownRegions = (
				en,
				Base,
			);
			mainGroup = 57D922671E3130340052619A;
			productRefGroup = 57D922711E3130340052619A /* Products */;
			projectDirPath = "";
			projectRoot = "";
			targets = (
				57D9226F1E3130340052619A /* Ahorcado */,
				57D922831E3130340052619A /* AhorcadoTests */,
				57D9228E1E3130340052619A /* AhorcadoUITests */,
			);
		};
/* End PBXProject section */

/* Begin PBXResourcesBuildPhase section */
		57D9226E1E3130340052619A /* Resources */ = {
			isa = PBXResourcesBuildPhase;
			buildActionMask = 2147483647;
			files = (
				57D9227E1E3130340052619A /* LaunchScreen.storyboard in Resources */,
				57D9227B1E3130340052619A /* Assets.xcassets in Resources */,
				57D922791E3130340052619A /* Main.storyboard in Resources */,
			);
			runOnlyForDeploymentPostprocessing = 0;
		};
		57D922821E3130340052619A /* Resources */ = {
			isa = PBXResourcesBuildPhase;
			buildActionMask = 2147483647;
			files = (
			);
			runOnlyForDeploymentPostprocessing = 0;
		};
		57D9228D1E3130340052619A /* Resources */ = {
			isa = PBXResourcesBuildPhase;
			buildActionMask = 2147483647;
			files = (
			);
			runOnlyForDeploymentPostprocessing = 0;
		};
/* End PBXResourcesBuildPhase section */

/* Begin PBXSourcesBuildPhase section */
		57D9226C1E3130340052619A /* Sources */ = {
			isa = PBXSourcesBuildPhase;
			buildActionMask = 2147483647;
			files = (
				57D922761E3130340052619A /* ViewController.swift in Sources */,
				57D922741E3130340052619A /* AppDelegate.swift in Sources */,
			);
			runOnlyForDeploymentPostprocessing = 0;
		};
		57D922801E3130340052619A /* Sources */ = {
			isa = PBXSourcesBuildPhase;
			buildActionMask = 2147483647;
			files = (
				57D922891E3130340052619A /* AhorcadoTests.swift in Sources */,
			);
			runOnlyForDeploymentPostprocessing = 0;
		};
		57D9228B1E3130340052619A /* Sources */ = {
			isa = PBXSourcesBuildPhase;
			buildActionMask = 2147483647;
			files = (
				57D922941E3130340052619A /* AhorcadoUITests.swift in Sources */,
			);
			runOnlyForDeploymentPostprocessing = 0;
		};
/* End PBXSourcesBuildPhase section */

/* Begin PBXTargetDependency section */
		57D922861E3130340052619A /* PBXTargetDependency */ = {
			isa = PBXTargetDependency;
			target = 57D9226F1E3130340052619A /* Ahorcado */;
			targetProxy = 57D922851E3130340052619A /* PBXContainerItemProxy */;
		};
		57D922911E3130340052619A /* PBXTargetDependency */ = {
			isa = PBXTargetDependency;
			target = 57D9226F1E3130340052619A /* Ahorcado */;
			targetProxy = 57D922901E3130340052619A /* PBXContainerItemProxy */;
		};
/* End PBXTargetDependency section */

/* Begin PBXVariantGroup section */
		57D922771E3130340052619A /* Main.storyboard */ = {
			isa = PBXVariantGroup;
			children = (
				57D922781E3130340052619A /* Base */,
			);
			name = Main.storyboard;
			sourceTree = "<group>";
		};
		57D9227C1E3130340052619A /* LaunchScreen.storyboard */ = {
			isa = PBXVariantGroup;
			children = (
				57D9227D1E3130340052619A /* Base */,
			);
			name = LaunchScreen.storyboard;
			sourceTree = "<group>";
		};
/* End PBXVariantGroup section */

/* Begin XCBuildConfiguration section */
		57D922961E3130340052619A /* Debug */ = {
			isa = XCBuildConfiguration;
			buildSettings = {
				ALWAYS_SEARCH_USER_PATHS = NO;
				CLANG_ANALYZER_NONNULL = YES;
				CLANG_CXX_LANGUAGE_STANDARD = "gnu++0x";
				CLANG_CXX_LIBRARY = "libc++";
				CLANG_ENABLE_MODULES = YES;
				CLANG_ENABLE_OBJC_ARC = YES;
				CLANG_WARN_BOOL_CONVERSION = YES;
				CLANG_WARN_CONSTANT_CONVERSION = YES;
				CLANG_WARN_DIRECT_OBJC_ISA_USAGE = YES_ERROR;
				CLANG_WARN_DOCUMENTATION_COMMENTS = YES;
				CLANG_WARN_EMPTY_BODY = YES;
				CLANG_WARN_ENUM_CONVERSION = YES;
				CLANG_WARN_INFINITE_RECURSION = YES;
				CLANG_WARN_INT_CONVERSION = YES;
				CLANG_WARN_OBJC_ROOT_CLASS = YES_ERROR;
				CLANG_WARN_SUSPICIOUS_MOVES = YES;
				CLANG_WARN_UNREACHABLE_CODE = YES;
				CLANG_WARN__DUPLICATE_METHOD_MATCH = YES;
				"CODE_SIGN_IDENTITY[sdk=iphoneos*]" = "iPhone Developer";
				COPY_PHASE_STRIP = NO;
				DEBUG_INFORMATION_FORMAT = dwarf;
				ENABLE_STRICT_OBJC_MSGSEND = YES;
				ENABLE_TESTABILITY = YES;
				GCC_C_LANGUAGE_STANDARD = gnu99;
				GCC_DYNAMIC_NO_PIC = NO;
				GCC_NO_COMMON_BLOCKS = YES;
				GCC_OPTIMIZATION_LEVEL = 0;
				GCC_PREPROCESSOR_DEFINITIONS = (
					"DEBUG=1",
					"$(inherited)",
				);
				GCC_WARN_64_TO_32_BIT_CONVERSION = YES;
				GCC_WARN_ABOUT_RETURN_TYPE = YES_ERROR;
				GCC_WARN_UNDECLARED_SELECTOR = YES;
				GCC_WARN_UNINITIALIZED_AUTOS = YES_AGGRESSIVE;
				GCC_WARN_UNUSED_FUNCTION = YES;
				GCC_WARN_UNUSED_VARIABLE = YES;
				IPHONEOS_DEPLOYMENT_TARGET = 10.0;
				MTL_ENABLE_DEBUG_INFO = YES;
				ONLY_ACTIVE_ARCH = YES;
				SDKROOT = iphoneos;
				SWIFT_ACTIVE_COMPILATION_CONDITIONS = DEBUG;
				SWIFT_OPTIMIZATION_LEVEL = "-Onone";
			};
			name = Debug;
		};
		57D922971E3130340052619A /* Release */ = {
			isa = XCBuildConfiguration;
			buildSettings = {
				ALWAYS_SEARCH_USER_PATHS = NO;
				CLANG_ANALYZER_NONNULL = YES;
				CLANG_CXX_LANGUAGE_STANDARD = "gnu++0x";
				CLANG_CXX_LIBRARY = "libc++";
				CLANG_ENABLE_MODULES = YES;
				CLANG_ENABLE_OBJC_ARC = YES;
				CLANG_WARN_BOOL_CONVERSION = YES;
				CLANG_WARN_CONSTANT_CONVERSION = YES;
				CLANG_WARN_DIRECT_OBJC_ISA_USAGE = YES_ERROR;
				CLANG_WARN_DOCUMENTATION_COMMENTS = YES;
				CLANG_WARN_EMPTY_BODY = YES;
				CLANG_WARN_ENUM_CONVERSION = YES;
				CLANG_WARN_INFINITE_RECURSION = YES;
				CLANG_WARN_INT_CONVERSION = YES;
				CLANG_WARN_OBJC_ROOT_CLASS = YES_ERROR;
				CLANG_WARN_SUSPICIOUS_MOVES = YES;
				CLANG_WARN_UNREACHABLE_CODE = YES;
				CLANG_WARN__DUPLICATE_METHOD_MATCH = YES;
				"CODE_SIGN_IDENTITY[sdk=iphoneos*]" = "iPhone Developer";
				COPY_PHASE_STRIP = NO;
				DEBUG_INFORMATION_FORMAT = "dwarf-with-dsym";
				ENABLE_NS_ASSERTIONS = NO;
				ENABLE_STRICT_OBJC_MSGSEND = YES;
				GCC_C_LANGUAGE_STANDARD = gnu99;
				GCC_NO_COMMON_BLOCKS = YES;
				GCC_WARN_64_TO_32_BIT_CONVERSION = YES;
				GCC_WARN_ABOUT_RETURN_TYPE = YES_ERROR;
				GCC_WARN_UNDECLARED_SELECTOR = YES;
				GCC_WARN_UNINITIALIZED_AUTOS = YES_AGGRESSIVE;
				GCC_WARN_UNUSED_FUNCTION = YES;
				GCC_WARN_UNUSED_VARIABLE = YES;
				IPHONEOS_DEPLOYMENT_TARGET = 10.0;
				MTL_ENABLE_DEBUG_INFO = NO;
				SDKROOT = iphoneos;
				SWIFT_OPTIMIZATION_LEVEL = "-Owholemodule";
				VALIDATE_PRODUCT = YES;
			};
			name = Release;
		};
		57D922991E3130340052619A /* Debug */ = {
			isa = XCBuildConfiguration;
			buildSettings = {
				ASSETCATALOG_COMPILER_APPICON_NAME = AppIcon;
				INFOPLIST_FILE = Ahorcado/Info.plist;
				LD_RUNPATH_SEARCH_PATHS = "$(inherited) @executable_path/Frameworks";
				PRODUCT_BUNDLE_IDENTIFIER = pepe.Ahorcado;
				PRODUCT_NAME = "$(TARGET_NAME)";
				SWIFT_VERSION = 3.0;
			};
			name = Debug;
		};
		57D9229A1E3130340052619A /* Release */ = {
			isa = XCBuildConfiguration;
			buildSettings = {
				ASSETCATALOG_COMPILER_APPICON_NAME = AppIcon;
				INFOPLIST_FILE = Ahorcado/Info.plist;
				LD_RUNPATH_SEARCH_PATHS = "$(inherited) @executable_path/Frameworks";
				PRODUCT_BUNDLE_IDENTIFIER = pepe.Ahorcado;
				PRODUCT_NAME = "$(TARGET_NAME)";
				SWIFT_VERSION = 3.0;
			};
			name = Release;
		};
		57D9229C1E3130340052619A /* Debug */ = {
			isa = XCBuildConfiguration;
			buildSettings = {
				ALWAYS_EMBED_SWIFT_STANDARD_LIBRARIES = YES;
				BUNDLE_LOADER = "$(TEST_HOST)";
				INFOPLIST_FILE = AhorcadoTests/Info.plist;
				LD_RUNPATH_SEARCH_PATHS = "$(inherited) @executable_path/Frameworks @loader_path/Frameworks";
				PRODUCT_BUNDLE_IDENTIFIER = pepe.AhorcadoTests;
				PRODUCT_NAME = "$(TARGET_NAME)";
				SWIFT_VERSION = 3.0;
				TEST_HOST = "$(BUILT_PRODUCTS_DIR)/Ahorcado.app/Ahorcado";
			};
			name = Debug;
		};
		57D9229D1E3130340052619A /* Release */ = {
			isa = XCBuildConfiguration;
			buildSettings = {
				ALWAYS_EMBED_SWIFT_STANDARD_LIBRARIES = YES;
				BUNDLE_LOADER = "$(TEST_HOST)";
				INFOPLIST_FILE = AhorcadoTests/Info.plist;
				LD_RUNPATH_SEARCH_PATHS = "$(inherited) @executable_path/Frameworks @loader_path/Frameworks";
				PRODUCT_BUNDLE_IDENTIFIER = pepe.AhorcadoTests;
				PRODUCT_NAME = "$(TARGET_NAME)";
				SWIFT_VERSION = 3.0;
				TEST_HOST = "$(BUILT_PRODUCTS_DIR)/Ahorcado.app/Ahorcado";
			};
			name = Release;
		};
		57D9229F1E3130340052619A /* Debug */ = {
			isa = XCBuildConfiguration;
			buildSettings = {
				ALWAYS_EMBED_SWIFT_STANDARD_LIBRARIES = YES;
				INFOPLIST_FILE = AhorcadoUITests/Info.plist;
				LD_RUNPATH_SEARCH_PATHS = "$(inherited) @executable_path/Frameworks @loader_path/Frameworks";
				PRODUCT_BUNDLE_IDENTIFIER = pepe.AhorcadoUITests;
				PRODUCT_NAME = "$(TARGET_NAME)";
				SWIFT_VERSION = 3.0;
				TEST_TARGET_NAME = Ahorcado;
			};
			name = Debug;
		};
		57D922A01E3130340052619A /* Release */ = {
			isa = XCBuildConfiguration;
			buildSettings = {
				ALWAYS_EMBED_SWIFT_STANDARD_LIBRARIES = YES;
				INFOPLIST_FILE = AhorcadoUITests/Info.plist;
				LD_RUNPATH_SEARCH_PATHS = "$(inherited) @executable_path/Frameworks @loader_path/Frameworks";
				PRODUCT_BUNDLE_IDENTIFIER = pepe.AhorcadoUITests;
				PRODUCT_NAME = "$(TARGET_NAME)";
				SWIFT_VERSION = 3.0;
				TEST_TARGET_NAME = Ahorcado;
			};
			name = Release;
		};
/* End XCBuildConfiguration section */

/* Begin XCConfigurationList section */
		57D9226B1E3130340052619A /* Build configuration list for PBXProject "Ahorcado" */ = {
			isa = XCConfigurationList;
			buildConfigurations = (
				57D922961E3130340052619A /* Debug */,
				57D922971E3130340052619A /* Release */,
			);
			defaultConfigurationIsVisible = 0;
			defaultConfigurationName = Release;
		};
		57D922981E3130340052619A /* Build configuration list for PBXNativeTarget "Ahorcado" */ = {
			isa = XCConfigurationList;
			buildConfigurations = (
				57D922991E3130340052619A /* Debug */,
				57D9229A1E3130340052619A /* Release */,
			);
			defaultConfigurationIsVisible = 0;
		};
		57D9229B1E3130340052619A /* Build configuration list for PBXNativeTarget "AhorcadoTests" */ = {
			isa = XCConfigurationList;
			buildConfigurations = (
				57D9229C1E3130340052619A /* Debug */,
				57D9229D1E3130340052619A /* Release */,
			);
			defaultConfigurationIsVisible = 0;
		};
		57D9229E1E3130340052619A /* Build configuration list for PBXNativeTarget "AhorcadoUITests" */ = {
			isa = XCConfigurationList;
			buildConfigurations = (
				57D9229F1E3130340052619A /* Debug */,
				57D922A01E3130340052619A /* Release */,
			);
			defaultConfigurationIsVisible = 0;
		};
/* End XCConfigurationList section */
	};
	rootObject = 57D922681E3130340052619A /* Project object */;
}
